
Microsoft Visual Studio Solution File, Format Version 12.00
# Visual Studio 14
VisualStudioVersion = 14.0.23107.0
MinimumVisualStudioVersion = 10.0.40219.1
Project("{FAE04EC0-301F-11D3-BF4B-00C04F79EFBC}") = "Raci.B2C.Bicycle", "Raci.B2C.Bicycle\Raci.B2C.Bicycle.csproj", "{6ADF363A-72B0-43B0-A5D0-054AB3FD3679}"
	ProjectSection(ProjectDependencies) = postProject
		{53D18D4B-FAFC-42B3-B7F2-523FF3F387A0} = {53D18D4B-FAFC-42B3-B7F2-523FF3F387A0}
	EndProjectSection
EndProject
Project("{2150E333-8FDC-42A3-9474-1A3956D46DE8}") = "PublishScripts", "PublishScripts", "{D82F1C21-7688-4DBC-AE9E-2B571AC3585D}"
	ProjectSection(SolutionItems) = preProject
		PublishScripts\Set-VersionNumber.ps1 = PublishScripts\Set-VersionNumber.ps1
	EndProjectSection
EndProject
Project("{2150E333-8FDC-42A3-9474-1A3956D46DE8}") = "Solution Items", "Solution Items", "{2A1CCF83-2D0E-437E-BDF9-48DCE6929F2A}"
	ProjectSection(SolutionItems) = preProject
		BicycleInsurance.sln.DotSettings = BicycleInsurance.sln.DotSettings
		GenerateClient.bat = GenerateClient.bat
	EndProjectSection
EndProject
Project("{FAE04EC0-301F-11D3-BF4B-00C04F79EFBC}") = "BikeInsurance.DataExtract", "BikeInsuranceDataExtract\BikeInsurance.DataExtract.csproj", "{53D18D4B-FAFC-42B3-B7F2-523FF3F387A0}"
EndProject
Global
	GlobalSection(SolutionConfigurationPlatforms) = preSolution
		Debug|Any CPU = Debug|Any CPU
		Release|Any CPU = Release|Any CPU
	EndGlobalSection
	GlobalSection(ProjectConfigurationPlatforms) = postSolution
		{6ADF363A-72B0-43B0-A5D0-054AB3FD3679}.Debug|Any CPU.ActiveCfg = Debug|Any CPU
		{6ADF363A-72B0-43B0-A5D0-054AB3FD3679}.Debug|Any CPU.Build.0 = Debug|Any CPU
		{6ADF363A-72B0-43B0-A5D0-054AB3FD3679}.Release|Any CPU.ActiveCfg = Release|Any CPU
		{6ADF363A-72B0-43B0-A5D0-054AB3FD3679}.Release|Any CPU.Build.0 = Release|Any CPU
		{53D18D4B-FAFC-42B3-B7F2-523FF3F387A0}.Debug|Any CPU.ActiveCfg = Debug|Any CPU
		{53D18D4B-FAFC-42B3-B7F2-523FF3F387A0}.Debug|Any CPU.Build.0 = Debug|Any CPU
		{53D18D4B-FAFC-42B3-B7F2-523FF3F387A0}.Release|Any CPU.ActiveCfg = Release|Any CPU
		{53D18D4B-FAFC-42B3-B7F2-523FF3F387A0}.Release|Any CPU.Build.0 = Release|Any CPU
	EndGlobalSection
	GlobalSection(SolutionProperties) = preSolution
		HideSolutionNode = FALSE
	EndGlobalSection
EndGlobal
